# @generated - this file is auto-generated by `mise lock` https://mise.jdx.dev/dev-tools/mise-lock.html

lockfile_version = 1

[[tools.bat]]
version = "0.25.0"
backend = "aqua:sharkdp/bat"
specifiers = ["0.25.0"]

[tools.bat."platforms.linux-x64"]
checksum = "sha256:0000000000000000000000000000000000000000000000000000000000000bat"
url = "https://example.invalid/bat-0.25.0-linux-x64.tar.gz"

[[tools.bats]]
version = "1.14.0"
backend = "aqua:bats-core/bats-core"
specifiers = ["1.14.0"]

[tools.bats."platforms.linux-x64"]
checksum = "sha256:000000000000000000000000000000000000000000000000000000000000bats"
url = "https://example.invalid/bats-1.14.0-linux-x64.tar.gz"

[[tools."node"]]
version = "26.8.1"
backend = "core:node"
specifiers = ["26.8.1"]

[tools."node"."platforms.linux-x64"]
checksum = "sha256:000000000000000000000000000000000000000000000000000000000000node"
url = "https://example.invalid/node-26.8.1-linux-x64.tar.gz"

[[tools.shellcheck]]
version = "0.11.0"
backend = "aqua:koalaman/shellcheck"
specifiers = ["0.11.0"]

[tools.shellcheck."platforms.linux-x64"]
checksum = "sha256:00000000000000000000000000000000000000000000000000000shellcheck"
url = "https://example.invalid/shellcheck-0.11.0-linux-x64.tar.gz"
